{
  "name": "mydata",
  "version": "0.0.23",
  "lockfileVersion": 1,
  "requires": true,
  "dependencies": {
    "plist": {
      "version": "git+https://github.com/mishoo/node-plist.git#b5bd86383389aaa506bf087977628693960dde95",
      "from": "git+https://github.com/mishoo/node-plist.git",
      "dev": true,
      "requires": {
        "xmlbuilder": "0.4.x",
        "xmldom": "0.1.x"
      }
    },
    "xmlbuilder": {
      "version": "0.4.3",
      "resolved": "https://registry.npmjs.org/xmlbuilder/-/xmlbuilder-0.4.3.tgz",
      "integrity": "sha1-xGFLp04K0ZbmCcknLNnh3bKKilg=",
      "dev": true
    },
    "xmldom": {
      "version": "0.1.27",
      "resolved": "https://registry.npmjs.org/xmldom/-/xmldom-0.1.27.tgz",
      "integrity": "sha1-1QH5ezvbQDr4757MIFcxh6rawOk=",
      "dev": true
    }
  }
}
